
Microsoft Visual Studio Solution File, Format Version 12.00
# Visual Studio 2012
Project("{FAE04EC0-301F-11D3-BF4B-00C04F79EFBC}") = "twenty-four-webapp", "twenty-four-webapp\twenty-four-webapp.csproj", "{14C33D2A-1EDC-444B-B93A-75C1A4B722FD}"
EndProject
Global
	GlobalSection(SolutionConfigurationPlatforms) = preSolution
		Debug|Any CPU = Debug|Any CPU
		Release|Any CPU = Release|Any CPU
	EndGlobalSection
	GlobalSection(ProjectConfigurationPlatforms) = postSolution
		{14C33D2A-1EDC-444B-B93A-75C1A4B722FD}.Debug|Any CPU.ActiveCfg = Debug|Any CPU
		{14C33D2A-1EDC-444B-B93A-75C1A4B722FD}.Debug|Any CPU.Build.0 = Debug|Any CPU
		{14C33D2A-1EDC-444B-B93A-75C1A4B722FD}.Release|Any CPU.ActiveCfg = Release|Any CPU
		{14C33D2A-1EDC-444B-B93A-75C1A4B722FD}.Release|Any CPU.Build.0 = Release|Any CPU
	EndGlobalSection
EndGlobal
